
Microsoft Visual Studio Solution File, Format Version 12.00
# Visual Studio 15
VisualStudioVersion = 15.0.27428.2037
MinimumVisualStudioVersion = 10.0.40219.1
Project("{9A19103F-16F7-4668-BE54-9A1E7A4F7556}") = "DatingSite.API", "DatingSite.API.csproj", "{03C90EC1-75EF-4DBB-AA44-5A86B367C744}"
EndProject
Global
	GlobalSection(SolutionConfigurationPlatforms) = preSolution
		Debug|Any CPU = Debug|Any CPU
		Release|Any CPU = Release|Any CPU
	EndGlobalSection
	GlobalSection(ProjectConfigurationPlatforms) = postSolution
		{03C90EC1-75EF-4DBB-AA44-5A86B367C744}.Debug|Any CPU.ActiveCfg = Debug|Any CPU
		{03C90EC1-75EF-4DBB-AA44-5A86B367C744}.Debug|Any CPU.Build.0 = Debug|Any CPU
		{03C90EC1-75EF-4DBB-AA44-5A86B367C744}.Release|Any CPU.ActiveCfg = Release|Any CPU
		{03C90EC1-75EF-4DBB-AA44-5A86B367C744}.Release|Any CPU.Build.0 = Release|Any CPU
	EndGlobalSection
	GlobalSection(SolutionProperties) = preSolution
		HideSolutionNode = FALSE
	EndGlobalSection
	GlobalSection(ExtensibilityGlobals) = postSolution
		SolutionGuid = {F4064E4E-772D-4C71-A3AB-2E290A3D1C14}
	EndGlobalSection
EndGlobal
